// !$*UTF8*$!
{
	archiveVersion = 1;
	classes = {
	};
	objectVersion = 48;
	objects = {

/* Begin PBXBuildFile section */
		2843D5372132490F000D7418 /* AppDelegate.m in Sources */ = {isa = PBXBuildFile; fileRef = 2843D5362132490F000D7418 /* AppDelegate.m */; };
		2843D53A2132490F000D7418 /* ViewController.m in Sources */ = {isa = PBXBuildFile; fileRef = 2843D5392132490F000D7418 /* ViewController.m */; };
		2843D53D2132490F000D7418 /* Main.storyboard in Resources */ = {isa = PBXBuildFile; fileRef = 2843D53B2132490F000D7418 /* Main.storyboard */; };
		2843D53F21324910000D7418 /* Assets.xcassets in Resources */ = {isa = PBXBuildFile; fileRef = 2843D53E21324910000D7418 /* Assets.xcassets */; };
		2843D54221324910000D7418 /* LaunchScreen.storyboard in Resources */ = {isa = PBXBuildFile; fileRef = 2843D54021324910000D7418 /* LaunchScreen.storyboard */; };
		2843D54521324910000D7418 /* main.m in Sources */ = {isa = PBXBuildFile; fileRef = 2843D54421324910000D7418 /* main.m */; };
		2843D55021324CE8000D7418 /* OpenGLView.m in Sources */ = {isa = PBXBuildFile; fileRef = 2843D54F21324CE8000D7418 /* OpenGLView.m */; };
		2843D5532132929D000D7418 /* GLESUtils.m in Sources */ = {isa = PBXBuildFile; fileRef = 2843D5522132929D000D7418 /* GLESUtils.m */; };
		2843D55821329A64000D7418 /* ksMatrix.c in Sources */ = {isa = PBXBuildFile; fileRef = 2843D55421329A64000D7418 /* ksMatrix.c */; };
		2843D55921329A64000D7418 /* ksVector.c in Sources */ = {isa = PBXBuildFile; fileRef = 2843D55621329A64000D7418 /* ksVector.c */; };
		2843D55C21329D0C000D7418 /* FragmentShader.glsl in Resources */ = {isa = PBXBuildFile; fileRef = 2843D55A21329D0B000D7418 /* FragmentShader.glsl */; };
		2843D55D21329D0C000D7418 /* VertexShader.glsl in Resources */ = {isa = PBXBuildFile; fileRef = 2843D55B21329D0C000D7418 /* VertexShader.glsl */; };
/* End PBXBuildFile section */

/* Begin PBXFileReference section */
		2843D5322132490F000D7418 /* demo-3D变换实践.app */ = {isa = PBXFileReference; explicitFileType = wrapper.application; includeInIndex = 0; path = "demo-3D变换实践.app"; sourceTree = BUILT_PRODUCTS_DIR; };
		2843D5352132490F000D7418 /* AppDelegate.h */ = {isa = PBXFileReference; lastKnownFileType = sourcecode.c.h; path = AppDelegate.h; sourceTree = "<group>"; };
		2843D5362132490F000D7418 /* AppDelegate.m */ = {isa = PBXFileReference; lastKnownFileType = sourcecode.c.objc; path = AppDelegate.m; sourceTree = "<group>"; };
		2843D5382132490F000D7418 /* ViewController.h */ = {isa = PBXFileReference; lastKnownFileType = sourcecode.c.h; path = ViewController.h; sourceTree = "<group>"; };
		2843D5392132490F000D7418 /* ViewController.m */ = {isa = PBXFileReference; lastKnownFileType = sourcecode.c.objc; path = ViewController.m; sourceTree = "<group>"; };
		2843D53C2132490F000D7418 /* Base */ = {isa = PBXFileReference; lastKnownFileType = file.storyboard; name = Base; path = Base.lproj/Main.storyboard; sourceTree = "<group>"; };
		2843D53E21324910000D7418 /* Assets.xcassets */ = {isa = PBXFileReference; lastKnownFileType = folder.assetcatalog; path = Assets.xcassets; sourceTree = "<group>"; };
		2843D54121324910000D7418 /* Base */ = {isa = PBXFileReference; lastKnownFileType = file.storyboard; name = Base; path = Base.lproj/LaunchScreen.storyboard; sourceTree = "<group>"; };
		2843D54321324910000D7418 /* Info.plist */ = {isa = PBXFileReference; lastKnownFileType = text.plist.xml; path = Info.plist; sourceTree = "<group>"; };
		2843D54421324910000D7418 /* main.m */ = {isa = PBXFileReference; lastKnownFileType = sourcecode.c.objc; path = main.m; sourceTree = "<group>"; };
		2843D54E21324CE8000D7418 /* OpenGLView.h */ = {isa = PBXFileReference; lastKnownFileType = sourcecode.c.h; path = OpenGLView.h; sourceTree = "<group>"; };
		2843D54F21324CE8000D7418 /* OpenGLView.m */ = {isa = PBXFileReference; lastKnownFileType = sourcecode.c.objc; path = OpenGLView.m; sourceTree = "<group>"; };
		2843D5512132929D000D7418 /* GLESUtils.h */ = {isa = PBXFileReference; lastKnownFileType = sourcecode.c.h; path = GLESUtils.h; sourceTree = "<group>"; };
		2843D5522132929D000D7418 /* GLESUtils.m */ = {isa = PBXFileReference; lastKnownFileType = sourcecode.c.objc; path = GLESUtils.m; sourceTree = "<group>"; };
		2843D55421329A64000D7418 /* ksMatrix.c */ = {isa = PBXFileReference; fileEncoding = 4; lastKnownFileType = sourcecode.c.c; path = ksMatrix.c; sourceTree = "<group>"; };
		2843D55521329A64000D7418 /* ksMatrix.h */ = {isa = PBXFileReference; fileEncoding = 4; lastKnownFileType = sourcecode.c.h; path = ksMatrix.h; sourceTree = "<group>"; };
		2843D55621329A64000D7418 /* ksVector.c */ = {isa = PBXFileReference; fileEncoding = 4; lastKnownFileType = sourcecode.c.c; path = ksVector.c; sourceTree = "<group>"; };
		2843D55721329A64000D7418 /* ksVector.h */ = {isa = PBXFileReference; fileEncoding = 4; lastKnownFileType = sourcecode.c.h; path = ksVector.h; sourceTree = "<group>"; };
		2843D55A21329D0B000D7418 /* FragmentShader.glsl */ = {isa = PBXFileReference; fileEncoding = 4; lastKnownFileType = text; path = FragmentShader.glsl; sourceTree = "<group>"; };
		2843D55B21329D0C000D7418 /* VertexShader.glsl */ = {isa = PBXFileReference; fileEncoding = 4; lastKnownFileType = text; path = VertexShader.glsl; sourceTree = "<group>"; };
/* End PBXFileReference section */

/* Begin PBXFrameworksBuildPhase section */
		2843D52F2132490F000D7418 /* Frameworks */ = {
			isa = PBXFrameworksBuildPhase;
			buildActionMask = 2147483647;
			files = (
			);
			runOnlyForDeploymentPostprocessing = 0;
		};
/* End PBXFrameworksBuildPhase section */

/* Begin PBXGroup section */
		2843D5292132490F000D7418 = {
			isa = PBXGroup;
			children = (
				2843D5342132490F000D7418 /* demo-3D变换实践 */,
				2843D5332132490F000D7418 /* Products */,
			);
			sourceTree = "<group>";
		};
		2843D5332132490F000D7418 /* Products */ = {
			isa = PBXGroup;
			children = (
				2843D5322132490F000D7418 /* demo-3D变换实践.app */,
			);
			name = Products;
			sourceTree = "<group>";
		};
		2843D5342132490F000D7418 /* demo-3D变换实践 */ = {
			isa = PBXGroup;
			children = (
				2843D54D21324CB8000D7418 /* Utils */,
				2843D5352132490F000D7418 /* AppDelegate.h */,
				2843D5362132490F000D7418 /* AppDelegate.m */,
				2843D54E21324CE8000D7418 /* OpenGLView.h */,
				2843D54F21324CE8000D7418 /* OpenGLView.m */,
				2843D5382132490F000D7418 /* ViewController.h */,
				2843D5392132490F000D7418 /* ViewController.m */,
				2843D53B2132490F000D7418 /* Main.storyboard */,
				2843D55A21329D0B000D7418 /* FragmentShader.glsl */,
				2843D55B21329D0C000D7418 /* VertexShader.glsl */,
				2843D53E21324910000D7418 /* Assets.xcassets */,
				2843D54021324910000D7418 /* LaunchScreen.storyboard */,
				2843D54321324910000D7418 /* Info.plist */,
				2843D54421324910000D7418 /* main.m */,
			);
			path = "demo-3D变换实践";
			sourceTree = "<group>";
		};
		2843D54D21324CB8000D7418 /* Utils */ = {
			isa = PBXGroup;
			children = (
				2843D5512132929D000D7418 /* GLESUtils.h */,
				2843D5522132929D000D7418 /* GLESUtils.m */,
				2843D55421329A64000D7418 /* ksMatrix.c */,
				2843D55521329A64000D7418 /* ksMatrix.h */,
				2843D55621329A64000D7418 /* ksVector.c */,
				2843D55721329A64000D7418 /* ksVector.h */,
			);
			path = Utils;
			sourceTree = "<group>";
		};
/* End PBXGroup section */

/* Begin PBXNativeTarget section */
		2843D5312132490F000D7418 /* demo-3D变换实践 */ = {
			isa = PBXNativeTarget;
			buildConfigurationList = 2843D54821324910000D7418 /* Build configuration list for PBXNativeTarget "demo-3D变换实践" */;
			buildPhases = (
				2843D52E2132490F000D7418 /* Sources */,
				2843D52F2132490F000D7418 /* Frameworks */,
				2843D5302132490F000D7418 /* Resources */,
			);
			buildRules = (
			);
			dependencies = (
			);
			name = "demo-3D变换实践";
			productName = "demo-3D变换实践";
			productReference = 2843D5322132490F000D7418 /* demo-3D变换实践.app */;
			productType = "com.apple.product-type.application";
		};
/* End PBXNativeTarget section */

/* Begin PBXProject section */
		2843D52A2132490F000D7418 /* Project object */ = {
			isa = PBXProject;
			attributes = {
				LastUpgradeCheck = 0940;
				ORGANIZATIONNAME = lz;
				TargetAttributes = {
					2843D5312132490F000D7418 = {
						CreatedOnToolsVersion = 9.4;
						ProvisioningStyle = Automatic;
					};
				};
			};
			buildConfigurationList = 2843D52D2132490F000D7418 /* Build configuration list for PBXProject "demo-3D变换实践" */;
			compatibilityVersion = "Xcode 8.0";
			developmentRegion = en;
			hasScannedForEncodings = 0;
			knownRegions = (
				en,
				Base,
			);
			mainGroup = 2843D5292132490F000D7418;
			productRefGroup = 2843D5332132490F000D7418 /* Products */;
			projectDirPath = "";
			projectRoot = "";
			targets = (
				2843D5312132490F000D7418 /* demo-3D变换实践 */,
			);
		};
/* End PBXProject section */

/* Begin PBXResourcesBuildPhase section */
		2843D5302132490F000D7418 /* Resources */ = {
			isa = PBXResourcesBuildPhase;
			buildActionMask = 2147483647;
			files = (
				2843D54221324910000D7418 /* LaunchScreen.storyboard in Resources */,
				2843D53F21324910000D7418 /* Assets.xcassets in Resources */,
				2843D55D21329D0C000D7418 /* VertexShader.glsl in Resources */,
				2843D55C21329D0C000D7418 /* FragmentShader.glsl in Resources */,
				2843D53D2132490F000D7418 /* Main.storyboard in Resources */,
			);
			runOnlyForDeploymentPostprocessing = 0;
		};
/* End PBXResourcesBuildPhase section */

/* Begin PBXSourcesBuildPhase section */
		2843D52E2132490F000D7418 /* Sources */ = {
			isa = PBXSourcesBuildPhase;
			buildActionMask = 2147483647;
			files = (
				2843D53A2132490F000D7418 /* ViewController.m in Sources */,
				2843D54521324910000D7418 /* main.m in Sources */,
				2843D55821329A64000D7418 /* ksMatrix.c in Sources */,
				2843D5532132929D000D7418 /* GLESUtils.m in Sources */,
				2843D5372132490F000D7418 /* AppDelegate.m in Sources */,
				2843D55921329A64000D7418 /* ksVector.c in Sources */,
				2843D55021324CE8000D7418 /* OpenGLView.m in Sources */,
			);
			runOnlyForDeploymentPostprocessing = 0;
		};
/* End PBXSourcesBuildPhase section */

/* Begin PBXVariantGroup section */
		2843D53B2132490F000D7418 /* Main.storyboard */ = {
			isa = PBXVariantGroup;
			children = (
				2843D53C2132490F000D7418 /* Base */,
			);
			name = Main.storyboard;
			sourceTree = "<group>";
		};
		2843D54021324910000D7418 /* LaunchScreen.storyboard */ = {
			isa = PBXVariantGroup;
			children = (
				2843D54121324910000D7418 /* Base */,
			);
			name = LaunchScreen.storyboard;
			sourceTree = "<group>";
		};
/* End PBXVariantGroup section */

/* Begin XCBuildConfiguration section */
		2843D54621324910000D7418 /* Debug */ = {
			isa = XCBuildConfiguration;
			buildSettings = {
				ALWAYS_SEARCH_USER_PATHS = NO;
				CLANG_ANALYZER_NONNULL = YES;
				CLANG_ANALYZER_NUMBER_OBJECT_CONVERSION = YES_AGGRESSIVE;
				CLANG_CXX_LANGUAGE_STANDARD = "gnu++14";
				CLANG_CXX_LIBRARY = "libc++";
				CLANG_ENABLE_MODULES = YES;
				CLANG_ENABLE_OBJC_ARC = YES;
				CLANG_ENABLE_OBJC_WEAK = YES;
				CLANG_WARN_BLOCK_CAPTURE_AUTORELEASING = YES;
				CLANG_WARN_BOOL_CONVERSION = YES;
				CLANG_WARN_COMMA = YES;
				CLANG_WARN_CONSTANT_CONVERSION = YES;
				CLANG_WARN_DEPRECATED_OBJC_IMPLEMENTATIONS = YES;
				CLANG_WARN_DIRECT_OBJC_ISA_USAGE = YES_ERROR;
				CLANG_WARN_DOCUMENTATION_COMMENTS = YES;
				CLANG_WARN_EMPTY_BODY = YES;
				CLANG_WARN_ENUM_CONVERSION = YES;
				CLANG_WARN_INFINITE_RECURSION = YES;
				CLANG_WARN_INT_CONVERSION = YES;
				CLANG_WARN_NON_LITERAL_NULL_CONVERSION = YES;
				CLANG_WARN_OBJC_IMPLICIT_RETAIN_SELF = YES;
				CLANG_WARN_OBJC_LITERAL_CONVERSION = YES;
				CLANG_WARN_OBJC_ROOT_CLASS = YES_ERROR;
				CLANG_WARN_RANGE_LOOP_ANALYSIS = YES;
				CLANG_WARN_STRICT_PROTOTYPES = YES;
				CLANG_WARN_SUSPICIOUS_MOVE = YES;
				CLANG_WARN_UNGUARDED_AVAILABILITY = YES_AGGRESSIVE;
				CLANG_WARN_UNREACHABLE_CODE = YES;
				CLANG_WARN__DUPLICATE_METHOD_MATCH = YES;
				CODE_SIGN_IDENTITY = "iPhone Developer";
				COPY_PHASE_STRIP = NO;
				DEBUG_INFORMATION_FORMAT = dwarf;
				ENABLE_STRICT_OBJC_MSGSEND = YES;
				ENABLE_TESTABILITY = YES;
				GCC_C_LANGUAGE_STANDARD = gnu11;
				GCC_DYNAMIC_NO_PIC = NO;
				GCC_NO_COMMON_BLOCKS = YES;
				GCC_OPTIMIZATION_LEVEL = 0;
				GCC_PREPROCESSOR_DEFINITIONS = (
					"DEBUG=1",
					"$(inherited)",
				);
				GCC_WARN_64_TO_32_BIT_CONVERSION = YES;
				GCC_WARN_ABOUT_RETURN_TYPE = YES_ERROR;
				GCC_WARN_UNDECLARED_SELECTOR = YES;
				GCC_WARN_UNINITIALIZED_AUTOS = YES_AGGRESSIVE;
				GCC_WARN_UNUSED_FUNCTION = YES;
				GCC_WARN_UNUSED_VARIABLE = YES;
				IPHONEOS_DEPLOYMENT_TARGET = 11.4;
				MTL_ENABLE_DEBUG_INFO = YES;
				ONLY_ACTIVE_ARCH = YES;
				SDKROOT = iphoneos;
			};
			name = Debug;
		};
		2843D54721324910000D7418 /* Release */ = {
			isa = XCBuildConfiguration;
			buildSettings = {
				ALWAYS_SEARCH_USER_PATHS = NO;
				CLANG_ANALYZER_NONNULL = YES;
				CLANG_ANALYZER_NUMBER_OBJECT_CONVERSION = YES_AGGRESSIVE;
				CLANG_CXX_LANGUAGE_STANDARD = "gnu++14";
				CLANG_CXX_LIBRARY = "libc++";
				CLANG_ENABLE_MODULES = YES;
				CLANG_ENABLE_OBJC_ARC = YES;
				CLANG_ENABLE_OBJC_WEAK = YES;
				CLANG_WARN_BLOCK_CAPTURE_AUTORELEASING = YES;
				CLANG_WARN_BOOL_CONVERSION = YES;
				CLANG_WARN_COMMA = YES;
				CLANG_WARN_CONSTANT_CONVERSION = YES;
				CLANG_WARN_DEPRECATED_OBJC_IMPLEMENTATIONS = YES;
				CLANG_WARN_DIRECT_OBJC_ISA_USAGE = YES_ERROR;
				CLANG_WARN_DOCUMENTATION_COMMENTS = YES;
				CLANG_WARN_EMPTY_BODY = YES;
				CLANG_WARN_ENUM_CONVERSION = YES;
				CLANG_WARN_INFINITE_RECURSION = YES;
				CLANG_WARN_INT_CONVERSION = YES;
				CLANG_WARN_NON_LITERAL_NULL_CONVERSION = YES;
				CLANG_WARN_OBJC_IMPLICIT_RETAIN_SELF = YES;
				CLANG_WARN_OBJC_LITERAL_CONVERSION = YES;
				CLANG_WARN_OBJC_ROOT_CLASS = YES_ERROR;
				CLANG_WARN_RANGE_LOOP_ANALYSIS = YES;
				CLANG_WARN_STRICT_PROTOTYPES = YES;
				CLANG_WARN_SUSPICIOUS_MOVE = YES;
				CLANG_WARN_UNGUARDED_AVAILABILITY = YES_AGGRESSIVE;
				CLANG_WARN_UNREACHABLE_CODE = YES;
				CLANG_WARN__DUPLICATE_METHOD_MATCH = YES;
				CODE_SIGN_IDENTITY = "iPhone Developer";
				COPY_PHASE_STRIP = NO;
				DEBUG_INFORMATION_FORMAT = "dwarf-with-dsym";
				ENABLE_NS_ASSERTIONS = NO;
				ENABLE_STRICT_OBJC_MSGSEND = YES;
				GCC_C_LANGUAGE_STANDARD = gnu11;
				GCC_NO_COMMON_BLOCKS = YES;
				GCC_WARN_64_TO_32_BIT_CONVERSION = YES;
				GCC_WARN_ABOUT_RETURN_TYPE = YES_ERROR;
				GCC_WARN_UNDECLARED_SELECTOR = YES;
				GCC_WARN_UNINITIALIZED_AUTOS = YES_AGGRESSIVE;
				GCC_WARN_UNUSED_FUNCTION = YES;
				GCC_WARN_UNUSED_VARIABLE = YES;
				IPHONEOS_DEPLOYMENT_TARGET = 11.4;
				MTL_ENABLE_DEBUG_INFO = NO;
				SDKROOT = iphoneos;
				VALIDATE_PRODUCT = YES;
			};
			name = Release;
		};
		2843D54921324910000D7418 /* Debug */ = {
			isa = XCBuildConfiguration;
			buildSettings = {
				ASSETCATALOG_COMPILER_APPICON_NAME = AppIcon;
				CODE_SIGN_STYLE = Automatic;
				DEVELOPMENT_TEAM = PHW9S649G9;
				INFOPLIST_FILE = "demo-3D变换实践/Info.plist";
				IPHONEOS_DEPLOYMENT_TARGET = 9.0;
				LD_RUNPATH_SEARCH_PATHS = "$(inherited) @executable_path/Frameworks";
				PRODUCT_BUNDLE_IDENTIFIER = "com.lz.bear.demo-3D----";
				PRODUCT_NAME = "$(TARGET_NAME)";
				TARGETED_DEVICE_FAMILY = "1,2";
			};
			name = Debug;
		};
		2843D54A21324910000D7418 /* Release */ = {
			isa = XCBuildConfiguration;
			buildSettings = {
				ASSETCATALOG_COMPILER_APPICON_NAME = AppIcon;
				CODE_SIGN_STYLE = Automatic;
				DEVELOPMENT_TEAM = PHW9S649G9;
				INFOPLIST_FILE = "demo-3D变换实践/Info.plist";
				IPHONEOS_DEPLOYMENT_TARGET = 9.0;
				LD_RUNPATH_SEARCH_PATHS = "$(inherited) @executable_path/Frameworks";
				PRODUCT_BUNDLE_IDENTIFIER = "com.lz.bear.demo-3D----";
				PRODUCT_NAME = "$(TARGET_NAME)";
				TARGETED_DEVICE_FAMILY = "1,2";
			};
			name = Release;
		};
/* End XCBuildConfiguration section */

/* Begin XCConfigurationList section */
		2843D52D2132490F000D7418 /* Build configuration list for PBXProject "demo-3D变换实践" */ = {
			isa = XCConfigurationList;
			buildConfigurations = (
				2843D54621324910000D7418 /* Debug */,
				2843D54721324910000D7418 /* Release */,
			);
			defaultConfigurationIsVisible = 0;
			defaultConfigurationName = Release;
		};
		2843D54821324910000D7418 /* Build configuration list for PBXNativeTarget "demo-3D变换实践" */ = {
			isa = XCConfigurationList;
			buildConfigurations = (
				2843D54921324910000D7418 /* Debug */,
				2843D54A21324910000D7418 /* Release */,
			);
			defaultConfigurationIsVisible = 0;
			defaultConfigurationName = Release;
		};
/* End XCConfigurationList section */
	};
	rootObject = 2843D52A2132490F000D7418 /* Project object */;
}
