// !$*UTF8*$!
{
	archiveVersion = 1;
	classes = {
	};
	objectVersion = 48;
	objects = {

/* Begin PBXBuildFile section */
		288A8EB7212EB87200B986B2 /* AppDelegate.m in Sources */ = {isa = PBXBuildFile; fileRef = 288A8EB6212EB87200B986B2 /* AppDelegate.m */; };
		288A8EBA212EB87400B986B2 /* ViewController.m in Sources */ = {isa = PBXBuildFile; fileRef = 288A8EB9212EB87400B986B2 /* ViewController.m */; };
		288A8EBD212EB87400B986B2 /* Main.storyboard in Resources */ = {isa = PBXBuildFile; fileRef = 288A8EBB212EB87400B986B2 /* Main.storyboard */; };
		288A8EBF212EB87500B986B2 /* Assets.xcassets in Resources */ = {isa = PBXBuildFile; fileRef = 288A8EBE212EB87500B986B2 /* Assets.xcassets */; };
		288A8EC2212EB87500B986B2 /* LaunchScreen.storyboard in Resources */ = {isa = PBXBuildFile; fileRef = 288A8EC0212EB87500B986B2 /* LaunchScreen.storyboard */; };
		288A8EC5212EB87600B986B2 /* main.m in Sources */ = {isa = PBXBuildFile; fileRef = 288A8EC4212EB87600B986B2 /* main.m */; };
		288A8ECD212EC22F00B986B2 /* learnView.m in Sources */ = {isa = PBXBuildFile; fileRef = 288A8ECC212EC22F00B986B2 /* learnView.m */; };
/* End PBXBuildFile section */

/* Begin PBXFileReference section */
		288A8EB2212EB86E00B986B2 /* demo2.app */ = {isa = PBXFileReference; explicitFileType = wrapper.application; includeInIndex = 0; path = demo2.app; sourceTree = BUILT_PRODUCTS_DIR; };
		288A8EB5212EB87100B986B2 /* AppDelegate.h */ = {isa = PBXFileReference; lastKnownFileType = sourcecode.c.h; path = AppDelegate.h; sourceTree = "<group>"; };
		288A8EB6212EB87200B986B2 /* AppDelegate.m */ = {isa = PBXFileReference; lastKnownFileType = sourcecode.c.objc; path = AppDelegate.m; sourceTree = "<group>"; };
		288A8EB8212EB87300B986B2 /* ViewController.h */ = {isa = PBXFileReference; lastKnownFileType = sourcecode.c.h; path = ViewController.h; sourceTree = "<group>"; };
		288A8EB9212EB87400B986B2 /* ViewController.m */ = {isa = PBXFileReference; lastKnownFileType = sourcecode.c.objc; path = ViewController.m; sourceTree = "<group>"; };
		288A8EBC212EB87400B986B2 /* Base */ = {isa = PBXFileReference; lastKnownFileType = file.storyboard; name = Base; path = Base.lproj/Main.storyboard; sourceTree = "<group>"; };
		288A8EBE212EB87500B986B2 /* Assets.xcassets */ = {isa = PBXFileReference; lastKnownFileType = folder.assetcatalog; path = Assets.xcassets; sourceTree = "<group>"; };
		288A8EC1212EB87500B986B2 /* Base */ = {isa = PBXFileReference; lastKnownFileType = file.storyboard; name = Base; path = Base.lproj/LaunchScreen.storyboard; sourceTree = "<group>"; };
		288A8EC3212EB87600B986B2 /* Info.plist */ = {isa = PBXFileReference; lastKnownFileType = text.plist.xml; path = Info.plist; sourceTree = "<group>"; };
		288A8EC4212EB87600B986B2 /* main.m */ = {isa = PBXFileReference; lastKnownFileType = sourcecode.c.objc; path = main.m; sourceTree = "<group>"; };
		288A8ECB212EC22F00B986B2 /* learnView.h */ = {isa = PBXFileReference; lastKnownFileType = sourcecode.c.h; path = learnView.h; sourceTree = "<group>"; };
		288A8ECC212EC22F00B986B2 /* learnView.m */ = {isa = PBXFileReference; lastKnownFileType = sourcecode.c.objc; path = learnView.m; sourceTree = "<group>"; };
/* End PBXFileReference section */

/* Begin PBXFrameworksBuildPhase section */
		288A8EAF212EB86E00B986B2 /* Frameworks */ = {
			isa = PBXFrameworksBuildPhase;
			buildActionMask = 2147483647;
			files = (
			);
			runOnlyForDeploymentPostprocessing = 0;
		};
/* End PBXFrameworksBuildPhase section */

/* Begin PBXGroup section */
		288A8EA9212EB86D00B986B2 = {
			isa = PBXGroup;
			children = (
				288A8EB4212EB86E00B986B2 /* demo2 */,
				288A8EB3212EB86E00B986B2 /* Products */,
			);
			sourceTree = "<group>";
		};
		288A8EB3212EB86E00B986B2 /* Products */ = {
			isa = PBXGroup;
			children = (
				288A8EB2212EB86E00B986B2 /* demo2.app */,
			);
			name = Products;
			sourceTree = "<group>";
		};
		288A8EB4212EB86E00B986B2 /* demo2 */ = {
			isa = PBXGroup;
			children = (
				288A8EB5212EB87100B986B2 /* AppDelegate.h */,
				288A8EB6212EB87200B986B2 /* AppDelegate.m */,
				288A8EB8212EB87300B986B2 /* ViewController.h */,
				288A8ECB212EC22F00B986B2 /* learnView.h */,
				288A8ECC212EC22F00B986B2 /* learnView.m */,
				288A8EB9212EB87400B986B2 /* ViewController.m */,
				288A8EBB212EB87400B986B2 /* Main.storyboard */,
				288A8EBE212EB87500B986B2 /* Assets.xcassets */,
				288A8EC0212EB87500B986B2 /* LaunchScreen.storyboard */,
				288A8EC3212EB87600B986B2 /* Info.plist */,
				288A8EC4212EB87600B986B2 /* main.m */,
			);
			path = demo2;
			sourceTree = "<group>";
		};
/* End PBXGroup section */

/* Begin PBXNativeTarget section */
		288A8EB1212EB86E00B986B2 /* demo2 */ = {
			isa = PBXNativeTarget;
			buildConfigurationList = 288A8EC8212EB87600B986B2 /* Build configuration list for PBXNativeTarget "demo2" */;
			buildPhases = (
				288A8EAE212EB86E00B986B2 /* Sources */,
				288A8EAF212EB86E00B986B2 /* Frameworks */,
				288A8EB0212EB86E00B986B2 /* Resources */,
			);
			buildRules = (
			);
			dependencies = (
			);
			name = demo2;
			productName = demo2;
			productReference = 288A8EB2212EB86E00B986B2 /* demo2.app */;
			productType = "com.apple.product-type.application";
		};
/* End PBXNativeTarget section */

/* Begin PBXProject section */
		288A8EAA212EB86D00B986B2 /* Project object */ = {
			isa = PBXProject;
			attributes = {
				LastUpgradeCheck = 0900;
				ORGANIZATIONNAME = lz;
				TargetAttributes = {
					288A8EB1212EB86E00B986B2 = {
						CreatedOnToolsVersion = 9.0;
						ProvisioningStyle = Automatic;
					};
				};
			};
			buildConfigurationList = 288A8EAD212EB86D00B986B2 /* Build configuration list for PBXProject "demo2" */;
			compatibilityVersion = "Xcode 8.0";
			developmentRegion = en;
			hasScannedForEncodings = 0;
			knownRegions = (
				en,
				Base,
			);
			mainGroup = 288A8EA9212EB86D00B986B2;
			productRefGroup = 288A8EB3212EB86E00B986B2 /* Products */;
			projectDirPath = "";
			projectRoot = "";
			targets = (
				288A8EB1212EB86E00B986B2 /* demo2 */,
			);
		};
/* End PBXProject section */

/* Begin PBXResourcesBuildPhase section */
		288A8EB0212EB86E00B986B2 /* Resources */ = {
			isa = PBXResourcesBuildPhase;
			buildActionMask = 2147483647;
			files = (
				288A8EC2212EB87500B986B2 /* LaunchScreen.storyboard in Resources */,
				288A8EBF212EB87500B986B2 /* Assets.xcassets in Resources */,
				288A8EBD212EB87400B986B2 /* Main.storyboard in Resources */,
			);
			runOnlyForDeploymentPostprocessing = 0;
		};
/* End PBXResourcesBuildPhase section */

/* Begin PBXSourcesBuildPhase section */
		288A8EAE212EB86E00B986B2 /* Sources */ = {
			isa = PBXSourcesBuildPhase;
			buildActionMask = 2147483647;
			files = (
				288A8EBA212EB87400B986B2 /* ViewController.m in Sources */,
				288A8EC5212EB87600B986B2 /* main.m in Sources */,
				288A8EB7212EB87200B986B2 /* AppDelegate.m in Sources */,
				288A8ECD212EC22F00B986B2 /* learnView.m in Sources */,
			);
			runOnlyForDeploymentPostprocessing = 0;
		};
/* End PBXSourcesBuildPhase section */

/* Begin PBXVariantGroup section */
		288A8EBB212EB87400B986B2 /* Main.storyboard */ = {
			isa = PBXVariantGroup;
			children = (
				288A8EBC212EB87400B986B2 /* Base */,
			);
			name = Main.storyboard;
			sourceTree = "<group>";
		};
		288A8EC0212EB87500B986B2 /* LaunchScreen.storyboard */ = {
			isa = PBXVariantGroup;
			children = (
				288A8EC1212EB87500B986B2 /* Base */,
			);
			name = LaunchScreen.storyboard;
			sourceTree = "<group>";
		};
/* End PBXVariantGroup section */

/* Begin XCBuildConfiguration section */
		288A8EC6212EB87600B986B2 /* Debug */ = {
			isa = XCBuildConfiguration;
			buildSettings = {
				ALWAYS_SEARCH_USER_PATHS = NO;
				CLANG_ANALYZER_NONNULL = YES;
				CLANG_ANALYZER_NUMBER_OBJECT_CONVERSION = YES_AGGRESSIVE;
				CLANG_CXX_LANGUAGE_STANDARD = "gnu++14";
				CLANG_CXX_LIBRARY = "libc++";
				CLANG_ENABLE_MODULES = YES;
				CLANG_ENABLE_OBJC_ARC = YES;
				CLANG_WARN_BLOCK_CAPTURE_AUTORELEASING = YES;
				CLANG_WARN_BOOL_CONVERSION = YES;
				CLANG_WARN_COMMA = YES;
				CLANG_WARN_CONSTANT_CONVERSION = YES;
				CLANG_WARN_DIRECT_OBJC_ISA_USAGE = YES_ERROR;
				CLANG_WARN_DOCUMENTATION_COMMENTS = YES;
				CLANG_WARN_EMPTY_BODY = YES;
				CLANG_WARN_ENUM_CONVERSION = YES;
				CLANG_WARN_INFINITE_RECURSION = YES;
				CLANG_WARN_INT_CONVERSION = YES;
				CLANG_WARN_NON_LITERAL_NULL_CONVERSION = YES;
				CLANG_WARN_OBJC_LITERAL_CONVERSION = YES;
				CLANG_WARN_OBJC_ROOT_CLASS = YES_ERROR;
				CLANG_WARN_RANGE_LOOP_ANALYSIS = YES;
				CLANG_WARN_STRICT_PROTOTYPES = YES;
				CLANG_WARN_SUSPICIOUS_MOVE = YES;
				CLANG_WARN_UNGUARDED_AVAILABILITY = YES_AGGRESSIVE;
				CLANG_WARN_UNREACHABLE_CODE = YES;
				CLANG_WARN__DUPLICATE_METHOD_MATCH = YES;
				CODE_SIGN_IDENTITY = "iPhone Developer";
				COPY_PHASE_STRIP = NO;
				DEBUG_INFORMATION_FORMAT = dwarf;
				ENABLE_STRICT_OBJC_MSGSEND = YES;
				ENABLE_TESTABILITY = YES;
				GCC_C_LANGUAGE_STANDARD = gnu11;
				GCC_DYNAMIC_NO_PIC = NO;
				GCC_NO_COMMON_BLOCKS = YES;
				GCC_OPTIMIZATION_LEVEL = 0;
				GCC_PREPROCESSOR_DEFINITIONS = (
					"DEBUG=1",
					"$(inherited)",
				);
				GCC_WARN_64_TO_32_BIT_CONVERSION = YES;
				GCC_WARN_ABOUT_RETURN_TYPE = YES_ERROR;
				GCC_WARN_UNDECLARED_SELECTOR = YES;
				GCC_WARN_UNINITIALIZED_AUTOS = YES_AGGRESSIVE;
				GCC_WARN_UNUSED_FUNCTION = YES;
				GCC_WARN_UNUSED_VARIABLE = YES;
				IPHONEOS_DEPLOYMENT_TARGET = 11.0;
				MTL_ENABLE_DEBUG_INFO = YES;
				ONLY_ACTIVE_ARCH = YES;
				SDKROOT = iphoneos;
			};
			name = Debug;
		};
		288A8EC7212EB87600B986B2 /* Release */ = {
			isa = XCBuildConfiguration;
			buildSettings = {
				ALWAYS_SEARCH_USER_PATHS = NO;
				CLANG_ANALYZER_NONNULL = YES;
				CLANG_ANALYZER_NUMBER_OBJECT_CONVERSION = YES_AGGRESSIVE;
				CLANG_CXX_LANGUAGE_STANDARD = "gnu++14";
				CLANG_CXX_LIBRARY = "libc++";
				CLANG_ENABLE_MODULES = YES;
				CLANG_ENABLE_OBJC_ARC = YES;
				CLANG_WARN_BLOCK_CAPTURE_AUTORELEASING = YES;
				CLANG_WARN_BOOL_CONVERSION = YES;
				CLANG_WARN_COMMA = YES;
				CLANG_WARN_CONSTANT_CONVERSION = YES;
				CLANG_WARN_DIRECT_OBJC_ISA_USAGE = YES_ERROR;
				CLANG_WARN_DOCUMENTATION_COMMENTS = YES;
				CLANG_WARN_EMPTY_BODY = YES;
				CLANG_WARN_ENUM_CONVERSION = YES;
				CLANG_WARN_INFINITE_RECURSION = YES;
				CLANG_WARN_INT_CONVERSION = YES;
				CLANG_WARN_NON_LITERAL_NULL_CONVERSION = YES;
				CLANG_WARN_OBJC_LITERAL_CONVERSION = YES;
				CLANG_WARN_OBJC_ROOT_CLASS = YES_ERROR;
				CLANG_WARN_RANGE_LOOP_ANALYSIS = YES;
				CLANG_WARN_STRICT_PROTOTYPES = YES;
				CLANG_WARN_SUSPICIOUS_MOVE = YES;
				CLANG_WARN_UNGUARDED_AVAILABILITY = YES_AGGRESSIVE;
				CLANG_WARN_UNREACHABLE_CODE = YES;
				CLANG_WARN__DUPLICATE_METHOD_MATCH = YES;
				CODE_SIGN_IDENTITY = "iPhone Developer";
				COPY_PHASE_STRIP = NO;
				DEBUG_INFORMATION_FORMAT = "dwarf-with-dsym";
				ENABLE_NS_ASSERTIONS = NO;
				ENABLE_STRICT_OBJC_MSGSEND = YES;
				GCC_C_LANGUAGE_STANDARD = gnu11;
				GCC_NO_COMMON_BLOCKS = YES;
				GCC_WARN_64_TO_32_BIT_CONVERSION = YES;
				GCC_WARN_ABOUT_RETURN_TYPE = YES_ERROR;
				GCC_WARN_UNDECLARED_SELECTOR = YES;
				GCC_WARN_UNINITIALIZED_AUTOS = YES_AGGRESSIVE;
				GCC_WARN_UNUSED_FUNCTION = YES;
				GCC_WARN_UNUSED_VARIABLE = YES;
				IPHONEOS_DEPLOYMENT_TARGET = 11.0;
				MTL_ENABLE_DEBUG_INFO = NO;
				SDKROOT = iphoneos;
				VALIDATE_PRODUCT = YES;
			};
			name = Release;
		};
		288A8EC9212EB87600B986B2 /* Debug */ = {
			isa = XCBuildConfiguration;
			buildSettings = {
				ASSETCATALOG_COMPILER_APPICON_NAME = AppIcon;
				CODE_SIGN_STYLE = Automatic;
				INFOPLIST_FILE = demo2/Info.plist;
				LD_RUNPATH_SEARCH_PATHS = "$(inherited) @executable_path/Frameworks";
				PRODUCT_BUNDLE_IDENTIFIER = a.demo2;
				PRODUCT_NAME = "$(TARGET_NAME)";
				TARGETED_DEVICE_FAMILY = "1,2";
			};
			name = Debug;
		};
		288A8ECA212EB87600B986B2 /* Release */ = {
			isa = XCBuildConfiguration;
			buildSettings = {
				ASSETCATALOG_COMPILER_APPICON_NAME = AppIcon;
				CODE_SIGN_STYLE = Automatic;
				INFOPLIST_FILE = demo2/Info.plist;
				LD_RUNPATH_SEARCH_PATHS = "$(inherited) @executable_path/Frameworks";
				PRODUCT_BUNDLE_IDENTIFIER = a.demo2;
				PRODUCT_NAME = "$(TARGET_NAME)";
				TARGETED_DEVICE_FAMILY = "1,2";
			};
			name = Release;
		};
/* End XCBuildConfiguration section */

/* Begin XCConfigurationList section */
		288A8EAD212EB86D00B986B2 /* Build configuration list for PBXProject "demo2" */ = {
			isa = XCConfigurationList;
			buildConfigurations = (
				288A8EC6212EB87600B986B2 /* Debug */,
				288A8EC7212EB87600B986B2 /* Release */,
			);
			defaultConfigurationIsVisible = 0;
			defaultConfigurationName = Release;
		};
		288A8EC8212EB87600B986B2 /* Build configuration list for PBXNativeTarget "demo2" */ = {
			isa = XCConfigurationList;
			buildConfigurations = (
				288A8EC9212EB87600B986B2 /* Debug */,
				288A8ECA212EB87600B986B2 /* Release */,
			);
			defaultConfigurationIsVisible = 0;
			defaultConfigurationName = Release;
		};
/* End XCConfigurationList section */
	};
	rootObject = 288A8EAA212EB86D00B986B2 /* Project object */;
}
